<?xml version="1.0" encoding="utf-8"?>
<Project ToolsVersion="4.0" xmlns="http://schemas.microsoft.com/developer/msbuild/2003">
  <ItemGroup>
    <Filter Include="Dark">
      <UniqueIdentifier>{0705847C-F33B-850D-9C28-6B10883E010F}</UniqueIdentifier>
    </Filter>
    <Filter Include="Dark\Events">
      <UniqueIdentifier>{0BE36E4A-7798-E73F-008D-E1166C41DE43}</UniqueIdentifier>
    </Filter>
  </ItemGroup>
  <ItemGroup>
    <ClInclude Include="src\Dark.h" />
    <ClInclude Include="src\Dark\Application.h">
      <Filter>Dark</Filter>
    </ClInclude>
    <ClInclude Include="src\Dark\Core.h">
      <Filter>Dark</Filter>
    </ClInclude>
    <ClInclude Include="src\Dark\EntryPoint.h">
      <Filter>Dark</Filter>
    </ClInclude>
    <ClInclude Include="src\Dark\Events\ApplicationEvent.h">
      <Filter>Dark\Events</Filter>
    </ClInclude>
    <ClInclude Include="src\Dark\Events\Event.h">
      <Filter>Dark\Events</Filter>
    </ClInclude>
    <ClInclude Include="src\Dark\Events\KeyEvent.h">
      <Filter>Dark\Events</Filter>
    </ClInclude>
    <ClInclude Include="src\Dark\Events\MouseEvent.h">
      <Filter>Dark\Events</Filter>
    </ClInclude>
    <ClInclude Include="src\Dark\Log.h">
      <Filter>Dark</Filter>
    </ClInclude>
    <ClInclude Include="src\dkpch.h" />
  </ItemGroup>
  <ItemGroup>
    <ClCompile Include="src\Dark\Application.cpp">
      <Filter>Dark</Filter>
    </ClCompile>
    <ClCompile Include="src\Dark\Log.cpp">
      <Filter>Dark</Filter>
    </ClCompile>
    <ClCompile Include="src\dkpch.cpp" />
  </ItemGroup>
</Project>